{
  "version": "3",
  "remote": {
    "https://deno.land/std@0.160.0/hash/sha256.ts": "aa9479c260f41b72c639f36c3e4bc9319940b5d2e52fe793ebe3dc646d12832f",
    "https://deno.land/std@0.210.0/assert/_constants.ts": "8a9da298c26750b28b326b297316cdde860bc237533b07e1337c021379e6b2a9",
    "https://deno.land/std@0.210.0/assert/_diff.ts": "2c9371f17cf08cbb843c924bc31ca77af422ec4fe162f73d42c651d547573fa8",
    "https://deno.land/std@0.210.0/assert/_format.ts": "335ce8e15c65b679ad142dbc9e5e97e5d58602c39dd3c9175cef6c85fe22d6d5",
    "https://deno.land/std@0.210.0/assert/assert.ts": "e265ad50a9341f3b40e51dd4cb41ab253d976943ba78a977106950e52e0302ab",
    "https://deno.land/std@0.210.0/assert/assert_almost_equals.ts": "a70d637856e1c6128dc733346d32aa73c67058489495116ca85091c39a60c767",
    "https://deno.land/std@0.210.0/assert/assert_array_includes.ts": "59d005d8897c1fbcbd5792170833f13a867f6a5ecd5a6b34a3d86b4b430de63c",
    "https://deno.land/std@0.210.0/assert/assert_equals.ts": "991b0c2b437a015d623654f758e48bfd931068211a52e8131b397cdf005c595f",
    "https://deno.land/std@0.210.0/assert/assert_exists.ts": "f24ecb0d3febad358a6cee235f012551077e07692517ebfe0630a561ba40a703",
    "https://deno.land/std@0.210.0/assert/assert_false.ts": "99cf237fe374cabf57072d2fb41b3eaff389029f850fbb96f643c875792f10ce",
    "https://deno.land/std@0.210.0/assert/assert_greater.ts": "e0bba9ac76a780573a864ab6eeb8b9fd71435b750bdd36d56a270e22ab9a79d9",
    "https://deno.land/std@0.210.0/assert/assert_greater_or_equal.ts": "aea1c7dc868926ba55f1e59f8c3560bb44706b5e3b6b009453ee4064eecf6746",
    "https://deno.land/std@0.210.0/assert/assert_instance_of.ts": "7c093d36b1a86666d5a60a8c290c91a51a627153b821a5a4dc40b24cab69f1e7",
    "https://deno.land/std@0.210.0/assert/assert_is_error.ts": "a8a758581661edec514c453910bee2f9c91b1346a515c58404963b130d81cd80",
    "https://deno.land/std@0.210.0/assert/assert_less.ts": "855aa58e49afa6a9e825f1abcd5947dc789c5878fc1b6f48b8a08115d48da32b",
    "https://deno.land/std@0.210.0/assert/assert_less_or_equal.ts": "2ae5246bd0e83da26e5c8e2815d1493252f71f7dc02afb83dc2fc0e0fb0bd894",
    "https://deno.land/std@0.210.0/assert/assert_match.ts": "e541a9769cf5726312ff9e15031e2faa2df3c59fbdc5573c8758b1f4668ccc62",
    "https://deno.land/std@0.210.0/assert/assert_not_equals.ts": "6bce4b28f3316029c0aef107f8390796798835c382d31c1004160baef0b80db0",
    "https://deno.land/std@0.210.0/assert/assert_not_instance_of.ts": "866243fd28bc6665e2ffcc027a9df1d2a69cb644aef1e9b8d1ce34377c6b8a84",
    "https://deno.land/std@0.210.0/assert/assert_not_match.ts": "59707eceb0d2b16d6892fbf92ec86f92fd76fcfc55f8b61508299db7d2972cab",
    "https://deno.land/std@0.210.0/assert/assert_not_strict_equals.ts": "c84b8e229450e8dfc44b9910d602788313ff7333d67d5bd8528371567b6a3632",
    "https://deno.land/std@0.210.0/assert/assert_object_match.ts": "ebeff248d48e5810f787e8742ae4f6b39904f4640edc2f69796596ceb6dbcdf8",
    "https://deno.land/std@0.210.0/assert/assert_rejects.ts": "f7e83272d816e1b39710012a0597ed950db2de6b193adcc5e50ddbcd9e177767",
    "https://deno.land/std@0.210.0/assert/assert_strict_equals.ts": "4007dabef1c2e9d6f1bb0e948ba7ba99ec9b1bee97ba34d67f7c10e7e5d794f7",
    "https://deno.land/std@0.210.0/assert/assert_string_includes.ts": "108a30d9348e5ff7a8b0b7cc836cf0a8cff27d5b33e861b8c56b52cc60b8219a",
    "https://deno.land/std@0.210.0/assert/assert_throws.ts": "a8767e6a06e94bac42ca9eebdad5d4e2decbc0c48bc892da7e06aa1fe0b388ba",
    "https://deno.land/std@0.210.0/assert/assertion_error.ts": "26ed1863d905005f00785c89750c001c3522c5417e4f58f95044b8143cfc1593",
    "https://deno.land/std@0.210.0/assert/equal.ts": "6f81c8a3b12c08bdc3510c8a1293b4db1c083692219d7e3828d2234b448d3d3d",
    "https://deno.land/std@0.210.0/assert/fail.ts": "f56fc64f9a141f98c1be5ff1005ddf158db888b7b206510e955bb3fedc69021c",
    "https://deno.land/std@0.210.0/assert/mod.ts": "37c49a26aae2b254bbe25723434dc28cd7532e444cf0b481a97c045d110ec085",
    "https://deno.land/std@0.210.0/assert/unimplemented.ts": "4e3e504792c87c485dbc5f4020489d8806ef697741403af2008dfa7b5a4711e8",
    "https://deno.land/std@0.210.0/assert/unreachable.ts": "1af8c99421cc5fb7332454b2b9eca074a4e394895a180bc837750dedcca75338",
    "https://deno.land/std@0.210.0/crypto/_fnv/fnv32.ts": "e4649dfdefc5c987ed53c3c25db62db771a06d9d1b9c36d2b5cf0853b8e82153",
    "https://deno.land/std@0.210.0/crypto/_fnv/fnv64.ts": "bfa0e4702061fdb490a14e6bf5f9168a22fb022b307c5723499469bfefca555e",
    "https://deno.land/std@0.210.0/crypto/_fnv/mod.ts": "f956a95f58910f223e420340b7404702ecd429603acd4491fa77af84f746040c",
    "https://deno.land/std@0.210.0/crypto/_fnv/util.ts": "accba12bfd80a352e32a872f87df2a195e75561f1b1304a4cb4f5a4648d288f9",
    "https://deno.land/std@0.210.0/crypto/_wasm/lib/deno_std_wasm_crypto.generated.mjs": "524b64057e4c1f0a4f65e9ec8cf7257a618e0f1fe326fa1e0bbff35444a7effb",
    "https://deno.land/std@0.210.0/crypto/_wasm/mod.ts": "d7b7dc54bbd6b02c16cd08e8e3d30fa9aa9692efb112a7ab5d8595827b9a0234",
    "https://deno.land/std@0.210.0/crypto/crypto.ts": "dc9a5bdcf0094c5e51c8185d011fcfc40a91ba3437629c4a231cc26c4af45a99",
    "https://deno.land/std@0.210.0/crypto/mod.ts": "b174f0b8337136f25887157e3779d58df954672cbbf31ce18b1fe63f6caa07c3",
    "https://deno.land/std@0.210.0/crypto/timing_safe_equal.ts": "f6edc08d702f660b1ab3505b74d53a9d499e34a1351f6ab70f5ce8653fee8fb7",
    "https://deno.land/std@0.210.0/crypto/unstable_keystack.ts": "e817cd5a4b3c8bcdd1b331e4f92a88e0a034aba38c6c506aca38dc7118b9bc09",
    "https://deno.land/std@0.210.0/encoding/_util.ts": "f368920189c4fe6592ab2e93bd7ded8f3065b84f95cd3e036a4a10a75649dcba",
    "https://deno.land/std@0.210.0/encoding/base64.ts": "cdc3810253462ccc7b2818429c1613e581f7999ff1ff5b0a6854e0cc38caffeb",
    "https://deno.land/std@0.210.0/encoding/base64url.ts": "078890d9796c062cad0f9486acbb9db03f8619e9718a5a8f74200a409bbd066f",
    "https://deno.land/std@0.210.0/encoding/hex.ts": "a91232cc15aeb458289d22ed443dc2ba2e6f98080a11db3dfc96a0063c238cbe",
    "https://deno.land/std@0.210.0/fmt/colors.ts": "2685c524bef9b16b3059a417daf6860c754eb755e19e812762ef5dff62f24481",
    "https://deno.land/x/scrypt@v4.3.0/lib/_wasm/scrypt_wasm.generated.js": "160ed57e880cb44f8909632f1277dc7d7d1056be039a0abcc9bcbe2115871756",
    "https://deno.land/x/scrypt@v4.3.0/lib/scrypt.ts": "685053668dc8f09c30308b9a32b116d6b706afde42749238cdbb67e5d7073f6a",
    "https://deno.land/x/scrypt@v4.3.1/deps.ts": "629bb40670debea7a17f69f29235cd62c486286f735f55c5675a1246b903eac7",
    "https://deno.land/x/scrypt@v4.3.1/lib/_wasm/scrypt_wasm.generated.js": "160ed57e880cb44f8909632f1277dc7d7d1056be039a0abcc9bcbe2115871756",
    "https://deno.land/x/scrypt@v4.3.1/lib/scrypt.ts": "12e0715d4cdc3d4f7464bf5f7353497704c9169b1236a6d27a209b9e724c8a81"
  }
}
